// !$*UTF8*$!
{
	archiveVersion = 1;
	classes = {
	};
	objectVersion = 48;
	objects = {

/* Begin PBXBuildFile section */
		7D40E594205FEE71004E480E /* main.cpp in Sources */ = {isa = PBXBuildFile; fileRef = 7D40E593205FEE71004E480E /* main.cpp */; };
		7D40E59C20600B8A004E480E /* Basic_exceptions.cpp in Sources */ = {isa = PBXBuildFile; fileRef = 7D40E59A20600B8A004E480E /* Basic_exceptions.cpp */; };
		7D40E59F2060106D004E480E /* Custom_exceptions.cpp in Sources */ = {isa = PBXBuildFile; fileRef = 7D40E59D2060106D004E480E /* Custom_exceptions.cpp */; };
		7D40E5A3206022B7004E480E /* Vectors.cpp in Sources */ = {isa = PBXBuildFile; fileRef = 7D40E5A1206022B7004E480E /* Vectors.cpp */; };
		7D40E5A620603B24004E480E /* Lists.cpp in Sources */ = {isa = PBXBuildFile; fileRef = 7D40E5A420603B24004E480E /* Lists.cpp */; };
		7D40E5D520616E62004E480E /* Maps.cpp in Sources */ = {isa = PBXBuildFile; fileRef = 7D40E5D320616E62004E480E /* Maps.cpp */; };
		7D40E5D9206275B7004E480E /* Multimaps.cpp in Sources */ = {isa = PBXBuildFile; fileRef = 7D40E5D7206275B7004E480E /* Multimaps.cpp */; };
		7D40E5DC20627CC5004E480E /* Sets.cpp in Sources */ = {isa = PBXBuildFile; fileRef = 7D40E5DA20627CC5004E480E /* Sets.cpp */; };
		7D40E5DF2062869C004E480E /* StackNQueue.cpp in Sources */ = {isa = PBXBuildFile; fileRef = 7D40E5DD2062869C004E480E /* StackNQueue.cpp */; };
/* End PBXBuildFile section */

/* Begin PBXCopyFilesBuildPhase section */
		7D40E58E205FEE71004E480E /* CopyFiles */ = {
			isa = PBXCopyFilesBuildPhase;
			buildActionMask = 2147483647;
			dstPath = /usr/share/man/man1/;
			dstSubfolderSpec = 0;
			files = (
			);
			runOnlyForDeploymentPostprocessing = 1;
		};
/* End PBXCopyFilesBuildPhase section */

/* Begin PBXFileReference section */
		7D40E590205FEE71004E480E /* Advanced C++ John Purcell */ = {isa = PBXFileReference; explicitFileType = "compiled.mach-o.executable"; includeInIndex = 0; path = "Advanced C++ John Purcell"; sourceTree = BUILT_PRODUCTS_DIR; };
		7D40E593205FEE71004E480E /* main.cpp */ = {isa = PBXFileReference; lastKnownFileType = sourcecode.cpp.cpp; path = main.cpp; sourceTree = "<group>"; };
		7D40E59A20600B8A004E480E /* Basic_exceptions.cpp */ = {isa = PBXFileReference; lastKnownFileType = sourcecode.cpp.cpp; path = Basic_exceptions.cpp; sourceTree = "<group>"; };
		7D40E59B20600B8A004E480E /* Basic_exceptions.hpp */ = {isa = PBXFileReference; lastKnownFileType = sourcecode.cpp.h; path = Basic_exceptions.hpp; sourceTree = "<group>"; };
		7D40E59D2060106D004E480E /* Custom_exceptions.cpp */ = {isa = PBXFileReference; lastKnownFileType = sourcecode.cpp.cpp; path = Custom_exceptions.cpp; sourceTree = "<group>"; };
		7D40E59E2060106D004E480E /* Custom_exceptions.hpp */ = {isa = PBXFileReference; lastKnownFileType = sourcecode.cpp.h; path = Custom_exceptions.hpp; sourceTree = "<group>"; };
		7D40E5A1206022B7004E480E /* Vectors.cpp */ = {isa = PBXFileReference; lastKnownFileType = sourcecode.cpp.cpp; path = Vectors.cpp; sourceTree = "<group>"; };
		7D40E5A2206022B7004E480E /* Vectors.hpp */ = {isa = PBXFileReference; lastKnownFileType = sourcecode.cpp.h; path = Vectors.hpp; sourceTree = "<group>"; };
		7D40E5A420603B24004E480E /* Lists.cpp */ = {isa = PBXFileReference; lastKnownFileType = sourcecode.cpp.cpp; path = Lists.cpp; sourceTree = "<group>"; };
		7D40E5A520603B24004E480E /* Lists.hpp */ = {isa = PBXFileReference; lastKnownFileType = sourcecode.cpp.h; path = Lists.hpp; sourceTree = "<group>"; };
		7D40E5D320616E62004E480E /* Maps.cpp */ = {isa = PBXFileReference; lastKnownFileType = sourcecode.cpp.cpp; path = Maps.cpp; sourceTree = "<group>"; };
		7D40E5D420616E62004E480E /* Maps.hpp */ = {isa = PBXFileReference; lastKnownFileType = sourcecode.cpp.h; path = Maps.hpp; sourceTree = "<group>"; };
		7D40E5D6206270D2004E480E /* File.rtf */ = {isa = PBXFileReference; lastKnownFileType = text.rtf; path = File.rtf; sourceTree = "<group>"; };
		7D40E5D7206275B7004E480E /* Multimaps.cpp */ = {isa = PBXFileReference; lastKnownFileType = sourcecode.cpp.cpp; path = Multimaps.cpp; sourceTree = "<group>"; };
		7D40E5D8206275B7004E480E /* Multimaps.hpp */ = {isa = PBXFileReference; lastKnownFileType = sourcecode.cpp.h; path = Multimaps.hpp; sourceTree = "<group>"; };
		7D40E5DA20627CC5004E480E /* Sets.cpp */ = {isa = PBXFileReference; lastKnownFileType = sourcecode.cpp.cpp; path = Sets.cpp; sourceTree = "<group>"; };
		7D40E5DB20627CC5004E480E /* Sets.hpp */ = {isa = PBXFileReference; lastKnownFileType = sourcecode.cpp.h; path = Sets.hpp; sourceTree = "<group>"; };
		7D40E5DD2062869C004E480E /* StackNQueue.cpp */ = {isa = PBXFileReference; lastKnownFileType = sourcecode.cpp.cpp; path = StackNQueue.cpp; sourceTree = "<group>"; };
		7D40E5DE2062869C004E480E /* StackNQueue.hpp */ = {isa = PBXFileReference; lastKnownFileType = sourcecode.cpp.h; path = StackNQueue.hpp; sourceTree = "<group>"; };
/* End PBXFileReference section */

/* Begin PBXFrameworksBuildPhase section */
		7D40E58D205FEE71004E480E /* Frameworks */ = {
			isa = PBXFrameworksBuildPhase;
			buildActionMask = 2147483647;
			files = (
			);
			runOnlyForDeploymentPostprocessing = 0;
		};
/* End PBXFrameworksBuildPhase section */

/* Begin PBXGroup section */
		7D40E587205FEE71004E480E = {
			isa = PBXGroup;
			children = (
				7D40E592205FEE71004E480E /* Advanced C++ John Purcell */,
				7D40E591205FEE71004E480E /* Products */,
			);
			sourceTree = "<group>";
		};
		7D40E591205FEE71004E480E /* Products */ = {
			isa = PBXGroup;
			children = (
				7D40E590205FEE71004E480E /* Advanced C++ John Purcell */,
			);
			name = Products;
			sourceTree = "<group>";
		};
		7D40E592205FEE71004E480E /* Advanced C++ John Purcell */ = {
			isa = PBXGroup;
			children = (
				7D40E5D6206270D2004E480E /* File.rtf */,
				7D40E5A0206022A2004E480E /* STL */,
				7D40E593205FEE71004E480E /* main.cpp */,
				7D40E59D2060106D004E480E /* Custom_exceptions.cpp */,
				7D40E59E2060106D004E480E /* Custom_exceptions.hpp */,
				7D40E59A20600B8A004E480E /* Basic_exceptions.cpp */,
				7D40E59B20600B8A004E480E /* Basic_exceptions.hpp */,
			);
			path = "Advanced C++ John Purcell";
			sourceTree = "<group>";
		};
		7D40E5A0206022A2004E480E /* STL */ = {
			isa = PBXGroup;
			children = (
				7D40E5A1206022B7004E480E /* Vectors.cpp */,
				7D40E5A2206022B7004E480E /* Vectors.hpp */,
				7D40E5A420603B24004E480E /* Lists.cpp */,
				7D40E5D7206275B7004E480E /* Multimaps.cpp */,
				7D40E5D8206275B7004E480E /* Multimaps.hpp */,
				7D40E5DA20627CC5004E480E /* Sets.cpp */,
				7D40E5DD2062869C004E480E /* StackNQueue.cpp */,
				7D40E5DE2062869C004E480E /* StackNQueue.hpp */,
				7D40E5DB20627CC5004E480E /* Sets.hpp */,
				7D40E5D320616E62004E480E /* Maps.cpp */,
				7D40E5D420616E62004E480E /* Maps.hpp */,
				7D40E5A520603B24004E480E /* Lists.hpp */,
			);
			path = STL;
			sourceTree = "<group>";
		};
/* End PBXGroup section */

/* Begin PBXNativeTarget section */
		7D40E58F205FEE71004E480E /* Advanced C++ John Purcell */ = {
			isa = PBXNativeTarget;
			buildConfigurationList = 7D40E597205FEE71004E480E /* Build configuration list for PBXNativeTarget "Advanced C++ John Purcell" */;
			buildPhases = (
				7D40E58C205FEE71004E480E /* Sources */,
				7D40E58D205FEE71004E480E /* Frameworks */,
				7D40E58E205FEE71004E480E /* CopyFiles */,
			);
			buildRules = (
			);
			dependencies = (
			);
			name = "Advanced C++ John Purcell";
			productName = "Advanced C++ John Purcell";
			productReference = 7D40E590205FEE71004E480E /* Advanced C++ John Purcell */;
			productType = "com.apple.product-type.tool";
		};
/* End PBXNativeTarget section */

/* Begin PBXProject section */
		7D40E588205FEE71004E480E /* Project object */ = {
			isa = PBXProject;
			attributes = {
				LastUpgradeCheck = 0920;
				ORGANIZATIONNAME = "Stefanos Mitropoulos";
				TargetAttributes = {
					7D40E58F205FEE71004E480E = {
						CreatedOnToolsVersion = 9.2;
						ProvisioningStyle = Automatic;
					};
				};
			};
			buildConfigurationList = 7D40E58B205FEE71004E480E /* Build configuration list for PBXProject "Advanced C++ John Purcell" */;
			compatibilityVersion = "Xcode 8.0";
			developmentRegion = en;
			hasScannedForEncodings = 0;
			knownRegions = (
				en,
			);
			mainGroup = 7D40E587205FEE71004E480E;
			productRefGroup = 7D40E591205FEE71004E480E /* Products */;
			projectDirPath = "";
			projectRoot = "";
			targets = (
				7D40E58F205FEE71004E480E /* Advanced C++ John Purcell */,
			);
		};
/* End PBXProject section */

/* Begin PBXSourcesBuildPhase section */
		7D40E58C205FEE71004E480E /* Sources */ = {
			isa = PBXSourcesBuildPhase;
			buildActionMask = 2147483647;
			files = (
				7D40E5DF2062869C004E480E /* StackNQueue.cpp in Sources */,
				7D40E5DC20627CC5004E480E /* Sets.cpp in Sources */,
				7D40E5D520616E62004E480E /* Maps.cpp in Sources */,
				7D40E5D9206275B7004E480E /* Multimaps.cpp in Sources */,
				7D40E59F2060106D004E480E /* Custom_exceptions.cpp in Sources */,
				7D40E59C20600B8A004E480E /* Basic_exceptions.cpp in Sources */,
				7D40E5A620603B24004E480E /* Lists.cpp in Sources */,
				7D40E5A3206022B7004E480E /* Vectors.cpp in Sources */,
				7D40E594205FEE71004E480E /* main.cpp in Sources */,
			);
			runOnlyForDeploymentPostprocessing = 0;
		};
/* End PBXSourcesBuildPhase section */

/* Begin XCBuildConfiguration section */
		7D40E595205FEE71004E480E /* Debug */ = {
			isa = XCBuildConfiguration;
			buildSettings = {
				ALWAYS_SEARCH_USER_PATHS = NO;
				CLANG_ANALYZER_NONNULL = YES;
				CLANG_ANALYZER_NUMBER_OBJECT_CONVERSION = YES_AGGRESSIVE;
				CLANG_CXX_LANGUAGE_STANDARD = "gnu++14";
				CLANG_CXX_LIBRARY = "libc++";
				CLANG_ENABLE_MODULES = YES;
				CLANG_ENABLE_OBJC_ARC = YES;
				CLANG_WARN_BLOCK_CAPTURE_AUTORELEASING = YES;
				CLANG_WARN_BOOL_CONVERSION = YES;
				CLANG_WARN_COMMA = YES;
				CLANG_WARN_CONSTANT_CONVERSION = YES;
				CLANG_WARN_DIRECT_OBJC_ISA_USAGE = YES_ERROR;
				CLANG_WARN_DOCUMENTATION_COMMENTS = YES;
				CLANG_WARN_EMPTY_BODY = YES;
				CLANG_WARN_ENUM_CONVERSION = YES;
				CLANG_WARN_INFINITE_RECURSION = YES;
				CLANG_WARN_INT_CONVERSION = YES;
				CLANG_WARN_NON_LITERAL_NULL_CONVERSION = YES;
				CLANG_WARN_OBJC_LITERAL_CONVERSION = YES;
				CLANG_WARN_OBJC_ROOT_CLASS = YES_ERROR;
				CLANG_WARN_RANGE_LOOP_ANALYSIS = YES;
				CLANG_WARN_STRICT_PROTOTYPES = YES;
				CLANG_WARN_SUSPICIOUS_MOVE = YES;
				CLANG_WARN_UNGUARDED_AVAILABILITY = YES_AGGRESSIVE;
				CLANG_WARN_UNREACHABLE_CODE = YES;
				CLANG_WARN__DUPLICATE_METHOD_MATCH = YES;
				CODE_SIGN_IDENTITY = "-";
				COPY_PHASE_STRIP = NO;
				DEBUG_INFORMATION_FORMAT = dwarf;
				ENABLE_STRICT_OBJC_MSGSEND = YES;
				ENABLE_TESTABILITY = YES;
				GCC_C_LANGUAGE_STANDARD = gnu11;
				GCC_DYNAMIC_NO_PIC = NO;
				GCC_NO_COMMON_BLOCKS = YES;
				GCC_OPTIMIZATION_LEVEL = 0;
				GCC_PREPROCESSOR_DEFINITIONS = (
					"DEBUG=1",
					"$(inherited)",
				);
				GCC_WARN_64_TO_32_BIT_CONVERSION = YES;
				GCC_WARN_ABOUT_RETURN_TYPE = YES_ERROR;
				GCC_WARN_UNDECLARED_SELECTOR = YES;
				GCC_WARN_UNINITIALIZED_AUTOS = YES_AGGRESSIVE;
				GCC_WARN_UNUSED_FUNCTION = YES;
				GCC_WARN_UNUSED_VARIABLE = YES;
				MACOSX_DEPLOYMENT_TARGET = 10.13;
				MTL_ENABLE_DEBUG_INFO = YES;
				ONLY_ACTIVE_ARCH = YES;
				SDKROOT = macosx;
			};
			name = Debug;
		};
		7D40E596205FEE71004E480E /* Release */ = {
			isa = XCBuildConfiguration;
			buildSettings = {
				ALWAYS_SEARCH_USER_PATHS = NO;
				CLANG_ANALYZER_NONNULL = YES;
				CLANG_ANALYZER_NUMBER_OBJECT_CONVERSION = YES_AGGRESSIVE;
				CLANG_CXX_LANGUAGE_STANDARD = "gnu++14";
				CLANG_CXX_LIBRARY = "libc++";
				CLANG_ENABLE_MODULES = YES;
				CLANG_ENABLE_OBJC_ARC = YES;
				CLANG_WARN_BLOCK_CAPTURE_AUTORELEASING = YES;
				CLANG_WARN_BOOL_CONVERSION = YES;
				CLANG_WARN_COMMA = YES;
				CLANG_WARN_CONSTANT_CONVERSION = YES;
				CLANG_WARN_DIRECT_OBJC_ISA_USAGE = YES_ERROR;
				CLANG_WARN_DOCUMENTATION_COMMENTS = YES;
				CLANG_WARN_EMPTY_BODY = YES;
				CLANG_WARN_ENUM_CONVERSION = YES;
				CLANG_WARN_INFINITE_RECURSION = YES;
				CLANG_WARN_INT_CONVERSION = YES;
				CLANG_WARN_NON_LITERAL_NULL_CONVERSION = YES;
				CLANG_WARN_OBJC_LITERAL_CONVERSION = YES;
				CLANG_WARN_OBJC_ROOT_CLASS = YES_ERROR;
				CLANG_WARN_RANGE_LOOP_ANALYSIS = YES;
				CLANG_WARN_STRICT_PROTOTYPES = YES;
				CLANG_WARN_SUSPICIOUS_MOVE = YES;
				CLANG_WARN_UNGUARDED_AVAILABILITY = YES_AGGRESSIVE;
				CLANG_WARN_UNREACHABLE_CODE = YES;
				CLANG_WARN__DUPLICATE_METHOD_MATCH = YES;
				CODE_SIGN_IDENTITY = "-";
				COPY_PHASE_STRIP = NO;
				DEBUG_INFORMATION_FORMAT = "dwarf-with-dsym";
				ENABLE_NS_ASSERTIONS = NO;
				ENABLE_STRICT_OBJC_MSGSEND = YES;
				GCC_C_LANGUAGE_STANDARD = gnu11;
				GCC_NO_COMMON_BLOCKS = YES;
				GCC_WARN_64_TO_32_BIT_CONVERSION = YES;
				GCC_WARN_ABOUT_RETURN_TYPE = YES_ERROR;
				GCC_WARN_UNDECLARED_SELECTOR = YES;
				GCC_WARN_UNINITIALIZED_AUTOS = YES_AGGRESSIVE;
				GCC_WARN_UNUSED_FUNCTION = YES;
				GCC_WARN_UNUSED_VARIABLE = YES;
				MACOSX_DEPLOYMENT_TARGET = 10.13;
				MTL_ENABLE_DEBUG_INFO = NO;
				SDKROOT = macosx;
			};
			name = Release;
		};
		7D40E598205FEE71004E480E /* Debug */ = {
			isa = XCBuildConfiguration;
			buildSettings = {
				CODE_SIGN_STYLE = Automatic;
				PRODUCT_NAME = "$(TARGET_NAME)";
			};
			name = Debug;
		};
		7D40E599205FEE71004E480E /* Release */ = {
			isa = XCBuildConfiguration;
			buildSettings = {
				CODE_SIGN_STYLE = Automatic;
				PRODUCT_NAME = "$(TARGET_NAME)";
			};
			name = Release;
		};
/* End XCBuildConfiguration section */

/* Begin XCConfigurationList section */
		7D40E58B205FEE71004E480E /* Build configuration list for PBXProject "Advanced C++ John Purcell" */ = {
			isa = XCConfigurationList;
			buildConfigurations = (
				7D40E595205FEE71004E480E /* Debug */,
				7D40E596205FEE71004E480E /* Release */,
			);
			defaultConfigurationIsVisible = 0;
			defaultConfigurationName = Release;
		};
		7D40E597205FEE71004E480E /* Build configuration list for PBXNativeTarget "Advanced C++ John Purcell" */ = {
			isa = XCConfigurationList;
			buildConfigurations = (
				7D40E598205FEE71004E480E /* Debug */,
				7D40E599205FEE71004E480E /* Release */,
			);
			defaultConfigurationIsVisible = 0;
			defaultConfigurationName = Release;
		};
/* End XCConfigurationList section */
	};
	rootObject = 7D40E588205FEE71004E480E /* Project object */;
}
